{
    "name": "server-demo",
    "version": "1.0.0",
    "lockfileVersion": 3,
    "requires": true,
    "packages": {
        "": {
            "name": "server",
            "version": "1.0.0",
            "license": "ISC",
            "dependencies": {
                "body-parser": "^1.20.2",
                "cors": "^2.8.5",
                "express": "^4.18.2",
                "mongoose": "^8.1.2"
            },
            "devDependencies": {
                "nodemon": "^3.0.3"
            }
        },
        "node_modules/mongodb": {
            "version": "6.3.0",
            "resolved": "https://registry.npmjs.org/mongodb/-/mongodb-6.3.0.tgz",
            "integrity": "sha512-tt0KuGjGtLUhLoU263+xvQmPHEGTw5LbcNC73EoFRYgSHwZt5tsoJC110hDyO1kjQzpgNrpdcSza9PknWN4LrA==",
            "dependencies": {
                "@mongodb-js/saslprep": "^1.1.0",
                "bson": "^6.2.0",
                "mongodb-connection-string-url": "^3.0.0"
            },
            "engines": {
                "node": ">=16.20.2"
            },
            "peerDependencies": {
                "@aws-sdk/credential-providers": "^3.188.0",
                "@mongodb-js/zstd": "^1.1.0",
                "gcp-metadata": "^5.2.0",
                "kerberos": "^2.0.1",
                "mongodb-client-encryption": ">=6.0.0 <7",
                "snappy": "^7.2.2",
                "socks": "^2.7.1"
            },
            "peerDependenciesMeta": {
                "@aws-sdk/credential-providers": {
                    "optional": true
                },
                "@mongodb-js/zstd": {
                    "optional": true
                },
                "gcp-metadata": {
                    "optional": true
                },
                "kerberos": {
                    "optional": true
                },
                "mongodb-client-encryption": {
                    "optional": true
                },
                "snappy": {
                    "optional": true
                },
                "socks": {
                    "optional": true
                }
            }
        },
        "node_modules/proto-list": {
            "version": "1.2.4",
            "resolved": "https://registry.npmjs.org/proto-list/-/proto-list-1.2.4.tgz",
            "integrity": "sha512-vtK/94akxsTMhe0/cbfpR+syPuszcuwhqVjJq26CuNDgFGj682oRBXOP5MJpv2r7JtE8MsiepGIqvvOTBwn2vA==",
            "license": "ISC",
            "optional": true
        },
        "node_modules/setprototypeof": {
            "version": "1.2.0",
            "resolved": "https://registry.npmjs.org/setprototypeof/-/setprototypeof-1.2.0.tgz",
            "integrity": "sha512-E5LDX7Wrp85Kil5bhZv46j8jOeboKq5JMmYM3gVGdGH8xFpPWXUMsNrlODCrkoxMEeNi/XZIwuRvY4XNwYMJpw=="
        }
    }
}